// !$*UTF8*$!
{
	archiveVersion = 1;
	classes = {
	};
	objectVersion = 46;
	objects = {

/* Begin PBXBuildFile section */
		8F2F107D1CFFC67E00ED7C0B /* main.m in Sources */ = {isa = PBXBuildFile; fileRef = 8F2F107C1CFFC67E00ED7C0B /* main.m */; };
		8F2F10801CFFC67E00ED7C0B /* AppDelegate.m in Sources */ = {isa = PBXBuildFile; fileRef = 8F2F107F1CFFC67E00ED7C0B /* AppDelegate.m */; };
		8F2F10831CFFC67E00ED7C0B /* ViewController.m in Sources */ = {isa = PBXBuildFile; fileRef = 8F2F10821CFFC67E00ED7C0B /* ViewController.m */; };
		8F2F10861CFFC67E00ED7C0B /* Main.storyboard in Resources */ = {isa = PBXBuildFile; fileRef = 8F2F10841CFFC67E00ED7C0B /* Main.storyboard */; };
		8F2F10881CFFC67E00ED7C0B /* Assets.xcassets in Resources */ = {isa = PBXBuildFile; fileRef = 8F2F10871CFFC67E00ED7C0B /* Assets.xcassets */; };
		8F2F108B1CFFC67E00ED7C0B /* LaunchScreen.storyboard in Resources */ = {isa = PBXBuildFile; fileRef = 8F2F10891CFFC67E00ED7C0B /* LaunchScreen.storyboard */; };
		8F2F10941CFFC6B400ED7C0B /* GrandSuperViewController.m in Sources */ = {isa = PBXBuildFile; fileRef = 8F2F10931CFFC6B400ED7C0B /* GrandSuperViewController.m */; };
		8F2F10971CFFC6CF00ED7C0B /* SuperViewController.m in Sources */ = {isa = PBXBuildFile; fileRef = 8F2F10961CFFC6CF00ED7C0B /* SuperViewController.m */; };
		8F2F109C1CFFC70A00ED7C0B /* JPEngine.m in Sources */ = {isa = PBXBuildFile; fileRef = 8F2F109A1CFFC70A00ED7C0B /* JPEngine.m */; };
		8F2F109D1CFFC70A00ED7C0B /* JSPatch.js in Resources */ = {isa = PBXBuildFile; fileRef = 8F2F109B1CFFC70A00ED7C0B /* JSPatch.js */; };
		8F2F109F1CFFCA3000ED7C0B /* demo.js in Resources */ = {isa = PBXBuildFile; fileRef = 8F2F109E1CFFCA3000ED7C0B /* demo.js */; };
/* End PBXBuildFile section */

/* Begin PBXFileReference section */
		8F2F10781CFFC67E00ED7C0B /* JSPatch_PR392.app */ = {isa = PBXFileReference; explicitFileType = wrapper.application; includeInIndex = 0; path = JSPatch_PR392.app; sourceTree = BUILT_PRODUCTS_DIR; };
		8F2F107C1CFFC67E00ED7C0B /* main.m */ = {isa = PBXFileReference; lastKnownFileType = sourcecode.c.objc; path = main.m; sourceTree = "<group>"; };
		8F2F107E1CFFC67E00ED7C0B /* AppDelegate.h */ = {isa = PBXFileReference; lastKnownFileType = sourcecode.c.h; path = AppDelegate.h; sourceTree = "<group>"; };
		8F2F107F1CFFC67E00ED7C0B /* AppDelegate.m */ = {isa = PBXFileReference; lastKnownFileType = sourcecode.c.objc; path = AppDelegate.m; sourceTree = "<group>"; };
		8F2F10811CFFC67E00ED7C0B /* ViewController.h */ = {isa = PBXFileReference; lastKnownFileType = sourcecode.c.h; path = ViewController.h; sourceTree = "<group>"; };
		8F2F10821CFFC67E00ED7C0B /* ViewController.m */ = {isa = PBXFileReference; lastKnownFileType = sourcecode.c.objc; path = ViewController.m; sourceTree = "<group>"; };
		8F2F10851CFFC67E00ED7C0B /* Base */ = {isa = PBXFileReference; lastKnownFileType = file.storyboard; name = Base; path = Base.lproj/Main.storyboard; sourceTree = "<group>"; };
		8F2F10871CFFC67E00ED7C0B /* Assets.xcassets */ = {isa = PBXFileReference; lastKnownFileType = folder.assetcatalog; path = Assets.xcassets; sourceTree = "<group>"; };
		8F2F108A1CFFC67E00ED7C0B /* Base */ = {isa = PBXFileReference; lastKnownFileType = file.storyboard; name = Base; path = Base.lproj/LaunchScreen.storyboard; sourceTree = "<group>"; };
		8F2F108C1CFFC67E00ED7C0B /* Info.plist */ = {isa = PBXFileReference; lastKnownFileType = text.plist.xml; path = Info.plist; sourceTree = "<group>"; };
		8F2F10921CFFC6B400ED7C0B /* GrandSuperViewController.h */ = {isa = PBXFileReference; fileEncoding = 4; lastKnownFileType = sourcecode.c.h; path = GrandSuperViewController.h; sourceTree = "<group>"; };
		8F2F10931CFFC6B400ED7C0B /* GrandSuperViewController.m */ = {isa = PBXFileReference; fileEncoding = 4; lastKnownFileType = sourcecode.c.objc; path = GrandSuperViewController.m; sourceTree = "<group>"; };
		8F2F10951CFFC6CF00ED7C0B /* SuperViewController.h */ = {isa = PBXFileReference; fileEncoding = 4; lastKnownFileType = sourcecode.c.h; path = SuperViewController.h; sourceTree = "<group>"; };
		8F2F10961CFFC6CF00ED7C0B /* SuperViewController.m */ = {isa = PBXFileReference; fileEncoding = 4; lastKnownFileType = sourcecode.c.objc; path = SuperViewController.m; sourceTree = "<group>"; };
		8F2F10991CFFC70A00ED7C0B /* JPEngine.h */ = {isa = PBXFileReference; fileEncoding = 4; lastKnownFileType = sourcecode.c.h; name = JPEngine.h; path = JSPatch/JPEngine.h; sourceTree = "<group>"; };
		8F2F109A1CFFC70A00ED7C0B /* JPEngine.m */ = {isa = PBXFileReference; fileEncoding = 4; lastKnownFileType = sourcecode.c.objc; name = JPEngine.m; path = JSPatch/JPEngine.m; sourceTree = "<group>"; };
		8F2F109B1CFFC70A00ED7C0B /* JSPatch.js */ = {isa = PBXFileReference; fileEncoding = 4; lastKnownFileType = sourcecode.javascript; name = JSPatch.js; path = JSPatch/JSPatch.js; sourceTree = "<group>"; };
		8F2F109E1CFFCA3000ED7C0B /* demo.js */ = {isa = PBXFileReference; fileEncoding = 4; lastKnownFileType = sourcecode.javascript; path = demo.js; sourceTree = "<group>"; };
/* End PBXFileReference section */

/* Begin PBXFrameworksBuildPhase section */
		8F2F10751CFFC67E00ED7C0B /* Frameworks */ = {
			isa = PBXFrameworksBuildPhase;
			buildActionMask = 2147483647;
			files = (
			);
			runOnlyForDeploymentPostprocessing = 0;
		};
/* End PBXFrameworksBuildPhase section */

/* Begin PBXGroup section */
		8F2F106F1CFFC67E00ED7C0B = {
			isa = PBXGroup;
			children = (
				8F2F107A1CFFC67E00ED7C0B /* JSPatch_PR392 */,
				8F2F10791CFFC67E00ED7C0B /* Products */,
			);
			sourceTree = "<group>";
		};
		8F2F10791CFFC67E00ED7C0B /* Products */ = {
			isa = PBXGroup;
			children = (
				8F2F10781CFFC67E00ED7C0B /* JSPatch_PR392.app */,
			);
			name = Products;
			sourceTree = "<group>";
		};
		8F2F107A1CFFC67E00ED7C0B /* JSPatch_PR392 */ = {
			isa = PBXGroup;
			children = (
				8F2F10981CFFC6FE00ED7C0B /* JSPatch */,
				8F2F107E1CFFC67E00ED7C0B /* AppDelegate.h */,
				8F2F107F1CFFC67E00ED7C0B /* AppDelegate.m */,
				8F2F10921CFFC6B400ED7C0B /* GrandSuperViewController.h */,
				8F2F10931CFFC6B400ED7C0B /* GrandSuperViewController.m */,
				8F2F10951CFFC6CF00ED7C0B /* SuperViewController.h */,
				8F2F10961CFFC6CF00ED7C0B /* SuperViewController.m */,
				8F2F10811CFFC67E00ED7C0B /* ViewController.h */,
				8F2F10821CFFC67E00ED7C0B /* ViewController.m */,
				8F2F10841CFFC67E00ED7C0B /* Main.storyboard */,
				8F2F109E1CFFCA3000ED7C0B /* demo.js */,
				8F2F10871CFFC67E00ED7C0B /* Assets.xcassets */,
				8F2F10891CFFC67E00ED7C0B /* LaunchScreen.storyboard */,
				8F2F108C1CFFC67E00ED7C0B /* Info.plist */,
				8F2F107B1CFFC67E00ED7C0B /* Supporting Files */,
			);
			path = JSPatch_PR392;
			sourceTree = "<group>";
		};
		8F2F107B1CFFC67E00ED7C0B /* Supporting Files */ = {
			isa = PBXGroup;
			children = (
				8F2F107C1CFFC67E00ED7C0B /* main.m */,
			);
			name = "Supporting Files";
			sourceTree = "<group>";
		};
		8F2F10981CFFC6FE00ED7C0B /* JSPatch */ = {
			isa = PBXGroup;
			children = (
				8F2F10991CFFC70A00ED7C0B /* JPEngine.h */,
				8F2F109A1CFFC70A00ED7C0B /* JPEngine.m */,
				8F2F109B1CFFC70A00ED7C0B /* JSPatch.js */,
			);
			name = JSPatch;
			sourceTree = "<group>";
		};
/* End PBXGroup section */

/* Begin PBXNativeTarget section */
		8F2F10771CFFC67E00ED7C0B /* JSPatch_PR392 */ = {
			isa = PBXNativeTarget;
			buildConfigurationList = 8F2F108F1CFFC67E00ED7C0B /* Build configuration list for PBXNativeTarget "JSPatch_PR392" */;
			buildPhases = (
				8F2F10741CFFC67E00ED7C0B /* Sources */,
				8F2F10751CFFC67E00ED7C0B /* Frameworks */,
				8F2F10761CFFC67E00ED7C0B /* Resources */,
			);
			buildRules = (
			);
			dependencies = (
			);
			name = JSPatch_PR392;
			productName = JSPatch_PR392;
			productReference = 8F2F10781CFFC67E00ED7C0B /* JSPatch_PR392.app */;
			productType = "com.apple.product-type.application";
		};
/* End PBXNativeTarget section */

/* Begin PBXProject section */
		8F2F10701CFFC67E00ED7C0B /* Project object */ = {
			isa = PBXProject;
			attributes = {
				CLASSPREFIX = JP;
				LastUpgradeCheck = 0730;
				ORGANIZATIONNAME = chenjun;
				TargetAttributes = {
					8F2F10771CFFC67E00ED7C0B = {
						CreatedOnToolsVersion = 7.3;
						DevelopmentTeam = 6UGZ533E78;
					};
				};
			};
			buildConfigurationList = 8F2F10731CFFC67E00ED7C0B /* Build configuration list for PBXProject "JSPatch_PR392" */;
			compatibilityVersion = "Xcode 3.2";
			developmentRegion = English;
			hasScannedForEncodings = 0;
			knownRegions = (
				en,
				Base,
			);
			mainGroup = 8F2F106F1CFFC67E00ED7C0B;
			productRefGroup = 8F2F10791CFFC67E00ED7C0B /* Products */;
			projectDirPath = "";
			projectRoot = "";
			targets = (
				8F2F10771CFFC67E00ED7C0B /* JSPatch_PR392 */,
			);
		};
/* End PBXProject section */

/* Begin PBXResourcesBuildPhase section */
		8F2F10761CFFC67E00ED7C0B /* Resources */ = {
			isa = PBXResourcesBuildPhase;
			buildActionMask = 2147483647;
			files = (
				8F2F109F1CFFCA3000ED7C0B /* demo.js in Resources */,
				8F2F108B1CFFC67E00ED7C0B /* LaunchScreen.storyboard in Resources */,
				8F2F10881CFFC67E00ED7C0B /* Assets.xcassets in Resources */,
				8F2F109D1CFFC70A00ED7C0B /* JSPatch.js in Resources */,
				8F2F10861CFFC67E00ED7C0B /* Main.storyboard in Resources */,
			);
			runOnlyForDeploymentPostprocessing = 0;
		};
/* End PBXResourcesBuildPhase section */

/* Begin PBXSourcesBuildPhase section */
		8F2F10741CFFC67E00ED7C0B /* Sources */ = {
			isa = PBXSourcesBuildPhase;
			buildActionMask = 2147483647;
			files = (
				8F2F10831CFFC67E00ED7C0B /* ViewController.m in Sources */,
				8F2F10801CFFC67E00ED7C0B /* AppDelegate.m in Sources */,
				8F2F10971CFFC6CF00ED7C0B /* SuperViewController.m in Sources */,
				8F2F109C1CFFC70A00ED7C0B /* JPEngine.m in Sources */,
				8F2F107D1CFFC67E00ED7C0B /* main.m in Sources */,
				8F2F10941CFFC6B400ED7C0B /* GrandSuperViewController.m in Sources */,
			);
			runOnlyForDeploymentPostprocessing = 0;
		};
/* End PBXSourcesBuildPhase section */

/* Begin PBXVariantGroup section */
		8F2F10841CFFC67E00ED7C0B /* Main.storyboard */ = {
			isa = PBXVariantGroup;
			children = (
				8F2F10851CFFC67E00ED7C0B /* Base */,
			);
			name = Main.storyboard;
			sourceTree = "<group>";
		};
		8F2F10891CFFC67E00ED7C0B /* LaunchScreen.storyboard */ = {
			isa = PBXVariantGroup;
			children = (
				8F2F108A1CFFC67E00ED7C0B /* Base */,
			);
			name = LaunchScreen.storyboard;
			sourceTree = "<group>";
		};
/* End PBXVariantGroup section */

/* Begin XCBuildConfiguration section */
		8F2F108D1CFFC67E00ED7C0B /* Debug */ = {
			isa = XCBuildConfiguration;
			buildSettings = {
				ALWAYS_SEARCH_USER_PATHS = NO;
				CLANG_ANALYZER_NONNULL = YES;
				CLANG_CXX_LANGUAGE_STANDARD = "gnu++0x";
				CLANG_CXX_LIBRARY = "libc++";
				CLANG_ENABLE_MODULES = YES;
				CLANG_ENABLE_OBJC_ARC = YES;
				CLANG_WARN_BOOL_CONVERSION = YES;
				CLANG_WARN_CONSTANT_CONVERSION = YES;
				CLANG_WARN_DIRECT_OBJC_ISA_USAGE = YES_ERROR;
				CLANG_WARN_EMPTY_BODY = YES;
				CLANG_WARN_ENUM_CONVERSION = YES;
				CLANG_WARN_INT_CONVERSION = YES;
				CLANG_WARN_OBJC_ROOT_CLASS = YES_ERROR;
				CLANG_WARN_UNREACHABLE_CODE = YES;
				CLANG_WARN__DUPLICATE_METHOD_MATCH = YES;
				"CODE_SIGN_IDENTITY[sdk=iphoneos*]" = "iPhone Developer";
				COPY_PHASE_STRIP = NO;
				DEBUG_INFORMATION_FORMAT = dwarf;
				ENABLE_STRICT_OBJC_MSGSEND = YES;
				ENABLE_TESTABILITY = YES;
				GCC_C_LANGUAGE_STANDARD = gnu99;
				GCC_DYNAMIC_NO_PIC = NO;
				GCC_NO_COMMON_BLOCKS = YES;
				GCC_OPTIMIZATION_LEVEL = 0;
				GCC_PREPROCESSOR_DEFINITIONS = (
					"DEBUG=1",
					"$(inherited)",
				);
				GCC_WARN_64_TO_32_BIT_CONVERSION = YES;
				GCC_WARN_ABOUT_RETURN_TYPE = YES_ERROR;
				GCC_WARN_UNDECLARED_SELECTOR = YES;
				GCC_WARN_UNINITIALIZED_AUTOS = YES_AGGRESSIVE;
				GCC_WARN_UNUSED_FUNCTION = YES;
				GCC_WARN_UNUSED_VARIABLE = YES;
				IPHONEOS_DEPLOYMENT_TARGET = 9.3;
				MTL_ENABLE_DEBUG_INFO = YES;
				ONLY_ACTIVE_ARCH = YES;
				SDKROOT = iphoneos;
			};
			name = Debug;
		};
		8F2F108E1CFFC67E00ED7C0B /* Release */ = {
			isa = XCBuildConfiguration;
			buildSettings = {
				ALWAYS_SEARCH_USER_PATHS = NO;
				CLANG_ANALYZER_NONNULL = YES;
				CLANG_CXX_LANGUAGE_STANDARD = "gnu++0x";
				CLANG_CXX_LIBRARY = "libc++";
				CLANG_ENABLE_MODULES = YES;
				CLANG_ENABLE_OBJC_ARC = YES;
				CLANG_WARN_BOOL_CONVERSION = YES;
				CLANG_WARN_CONSTANT_CONVERSION = YES;
				CLANG_WARN_DIRECT_OBJC_ISA_USAGE = YES_ERROR;
				CLANG_WARN_EMPTY_BODY = YES;
				CLANG_WARN_ENUM_CONVERSION = YES;
				CLANG_WARN_INT_CONVERSION = YES;
				CLANG_WARN_OBJC_ROOT_CLASS = YES_ERROR;
				CLANG_WARN_UNREACHABLE_CODE = YES;
				CLANG_WARN__DUPLICATE_METHOD_MATCH = YES;
				"CODE_SIGN_IDENTITY[sdk=iphoneos*]" = "iPhone Developer";
				COPY_PHASE_STRIP = NO;
				DEBUG_INFORMATION_FORMAT = "dwarf-with-dsym";
				ENABLE_NS_ASSERTIONS = NO;
				ENABLE_STRICT_OBJC_MSGSEND = YES;
				GCC_C_LANGUAGE_STANDARD = gnu99;
				GCC_NO_COMMON_BLOCKS = YES;
				GCC_WARN_64_TO_32_BIT_CONVERSION = YES;
				GCC_WARN_ABOUT_RETURN_TYPE = YES_ERROR;
				GCC_WARN_UNDECLARED_SELECTOR = YES;
				GCC_WARN_UNINITIALIZED_AUTOS = YES_AGGRESSIVE;
				GCC_WARN_UNUSED_FUNCTION = YES;
				GCC_WARN_UNUSED_VARIABLE = YES;
				IPHONEOS_DEPLOYMENT_TARGET = 9.3;
				MTL_ENABLE_DEBUG_INFO = NO;
				SDKROOT = iphoneos;
				VALIDATE_PRODUCT = YES;
			};
			name = Release;
		};
		8F2F10901CFFC67E00ED7C0B /* Debug */ = {
			isa = XCBuildConfiguration;
			buildSettings = {
				ASSETCATALOG_COMPILER_APPICON_NAME = AppIcon;
				INFOPLIST_FILE = JSPatch_PR392/Info.plist;
				IPHONEOS_DEPLOYMENT_TARGET = 8.0;
				LD_RUNPATH_SEARCH_PATHS = "$(inherited) @executable_path/Frameworks";
				PRODUCT_BUNDLE_IDENTIFIER = "io.github.JSPatch-PR392";
				PRODUCT_NAME = "$(TARGET_NAME)";
			};
			name = Debug;
		};
		8F2F10911CFFC67E00ED7C0B /* Release */ = {
			isa = XCBuildConfiguration;
			buildSettings = {
				ASSETCATALOG_COMPILER_APPICON_NAME = AppIcon;
				INFOPLIST_FILE = JSPatch_PR392/Info.plist;
				IPHONEOS_DEPLOYMENT_TARGET = 8.0;
				LD_RUNPATH_SEARCH_PATHS = "$(inherited) @executable_path/Frameworks";
				PRODUCT_BUNDLE_IDENTIFIER = "io.github.JSPatch-PR392";
				PRODUCT_NAME = "$(TARGET_NAME)";
			};
			name = Release;
		};
/* End XCBuildConfiguration section */

/* Begin XCConfigurationList section */
		8F2F10731CFFC67E00ED7C0B /* Build configuration list for PBXProject "JSPatch_PR392" */ = {
			isa = XCConfigurationList;
			buildConfigurations = (
				8F2F108D1CFFC67E00ED7C0B /* Debug */,
				8F2F108E1CFFC67E00ED7C0B /* Release */,
			);
			defaultConfigurationIsVisible = 0;
			defaultConfigurationName = Release;
		};
		8F2F108F1CFFC67E00ED7C0B /* Build configuration list for PBXNativeTarget "JSPatch_PR392" */ = {
			isa = XCConfigurationList;
			buildConfigurations = (
				8F2F10901CFFC67E00ED7C0B /* Debug */,
				8F2F10911CFFC67E00ED7C0B /* Release */,
			);
			defaultConfigurationIsVisible = 0;
		};
/* End XCConfigurationList section */
	};
	rootObject = 8F2F10701CFFC67E00ED7C0B /* Project object */;
}
